
Microsoft Visual Studio Solution File, Format Version 12.00
# Visual Studio 14
VisualStudioVersion = 14.0.25420.1
MinimumVisualStudioVersion = 10.0.40219.1
Project("{888888A0-9F3D-457C-B088-3A5042F75D52}") = "ImageTool", "ImageTool\ImageTool.pyproj", "{8DCCD540-24DC-4E39-8FE7-3E8B97912796}"
EndProject
Project("{888888A0-9F3D-457C-B088-3A5042F75D52}") = "pyFusion", "pyFusion\pyFusion.pyproj", "{BE0542F9-ABDF-470F-A2F1-0803ECE35C6F}"
EndProject
Project("{888888A0-9F3D-457C-B088-3A5042F75D52}") = "Common", "Common\Common.pyproj", "{285DBE0B-8125-43B5-AD6C-31377B7738CA}"
EndProject
Project("{888888A0-9F3D-457C-B088-3A5042F75D52}") = "handDetect", "handDetect\handDetect.pyproj", "{6A54C1AF-EEE1-4927-A756-AD5F0D9078EB}"
EndProject
Project("{888888A0-9F3D-457C-B088-3A5042F75D52}") = "tf_module", "tf_module\tf_module.pyproj", "{BE3819D1-11ED-41CC-AEF7-D8242473138D}"
EndProject
Project("{888888A0-9F3D-457C-B088-3A5042F75D52}") = "interview", "interview\interview.pyproj", "{1527C12D-4B0B-4619-89CA-497D9BE52C13}"
EndProject
Project("{888888A0-9F3D-457C-B088-3A5042F75D52}") = "tracker", "tracker\tracker.pyproj", "{F4636CE2-BC67-4937-B28B-F2AFEC839834}"
EndProject
Project("{888888A0-9F3D-457C-B088-3A5042F75D52}") = "vocTool", "vocTool\vocTool.pyproj", "{FD3BB00E-7FC4-4A7F-AC2C-AF6CDB56CDB1}"
EndProject
Project("{888888A0-9F3D-457C-B088-3A5042F75D52}") = "videoTool", "videoTool\videoTool.pyproj", "{D16B21EE-9B96-42F1-AF8F-BC79DA9CC2BC}"
EndProject
Project("{888888A0-9F3D-457C-B088-3A5042F75D52}") = "imTool", "imTool\imTool.pyproj", "{CF130E75-966B-42D6-AF0B-7D40306BA07F}"
EndProject
Project("{888888A0-9F3D-457C-B088-3A5042F75D52}") = "pyBoost", "pyBoost\pyBoost.pyproj", "{90AF8C83-7309-46BC-A522-CD64A6340FC3}"
EndProject
Project("{888888A0-9F3D-457C-B088-3A5042F75D52}") = "tools", "tools\tools.pyproj", "{C6651947-E2A4-419F-8033-49C9E647C71A}"
EndProject
Global
	GlobalSection(SolutionConfigurationPlatforms) = preSolution
		Debug|Any CPU = Debug|Any CPU
		Release|Any CPU = Release|Any CPU
	EndGlobalSection
	GlobalSection(ProjectConfigurationPlatforms) = postSolution
		{8DCCD540-24DC-4E39-8FE7-3E8B97912796}.Debug|Any CPU.ActiveCfg = Debug|Any CPU
		{8DCCD540-24DC-4E39-8FE7-3E8B97912796}.Release|Any CPU.ActiveCfg = Release|Any CPU
		{BE0542F9-ABDF-470F-A2F1-0803ECE35C6F}.Debug|Any CPU.ActiveCfg = Debug|Any CPU
		{BE0542F9-ABDF-470F-A2F1-0803ECE35C6F}.Release|Any CPU.ActiveCfg = Release|Any CPU
		{285DBE0B-8125-43B5-AD6C-31377B7738CA}.Debug|Any CPU.ActiveCfg = Debug|Any CPU
		{285DBE0B-8125-43B5-AD6C-31377B7738CA}.Release|Any CPU.ActiveCfg = Release|Any CPU
		{6A54C1AF-EEE1-4927-A756-AD5F0D9078EB}.Debug|Any CPU.ActiveCfg = Debug|Any CPU
		{6A54C1AF-EEE1-4927-A756-AD5F0D9078EB}.Release|Any CPU.ActiveCfg = Release|Any CPU
		{BE3819D1-11ED-41CC-AEF7-D8242473138D}.Debug|Any CPU.ActiveCfg = Debug|Any CPU
		{BE3819D1-11ED-41CC-AEF7-D8242473138D}.Release|Any CPU.ActiveCfg = Release|Any CPU
		{1527C12D-4B0B-4619-89CA-497D9BE52C13}.Debug|Any CPU.ActiveCfg = Debug|Any CPU
		{1527C12D-4B0B-4619-89CA-497D9BE52C13}.Release|Any CPU.ActiveCfg = Release|Any CPU
		{F4636CE2-BC67-4937-B28B-F2AFEC839834}.Debug|Any CPU.ActiveCfg = Debug|Any CPU
		{F4636CE2-BC67-4937-B28B-F2AFEC839834}.Release|Any CPU.ActiveCfg = Release|Any CPU
		{FD3BB00E-7FC4-4A7F-AC2C-AF6CDB56CDB1}.Debug|Any CPU.ActiveCfg = Debug|Any CPU
		{FD3BB00E-7FC4-4A7F-AC2C-AF6CDB56CDB1}.Release|Any CPU.ActiveCfg = Release|Any CPU
		{D16B21EE-9B96-42F1-AF8F-BC79DA9CC2BC}.Debug|Any CPU.ActiveCfg = Debug|Any CPU
		{D16B21EE-9B96-42F1-AF8F-BC79DA9CC2BC}.Release|Any CPU.ActiveCfg = Release|Any CPU
		{CF130E75-966B-42D6-AF0B-7D40306BA07F}.Debug|Any CPU.ActiveCfg = Debug|Any CPU
		{CF130E75-966B-42D6-AF0B-7D40306BA07F}.Release|Any CPU.ActiveCfg = Release|Any CPU
		{90AF8C83-7309-46BC-A522-CD64A6340FC3}.Debug|Any CPU.ActiveCfg = Debug|Any CPU
		{90AF8C83-7309-46BC-A522-CD64A6340FC3}.Release|Any CPU.ActiveCfg = Release|Any CPU
		{C6651947-E2A4-419F-8033-49C9E647C71A}.Debug|Any CPU.ActiveCfg = Debug|Any CPU
		{C6651947-E2A4-419F-8033-49C9E647C71A}.Release|Any CPU.ActiveCfg = Release|Any CPU
	EndGlobalSection
	GlobalSection(SolutionProperties) = preSolution
		HideSolutionNode = FALSE
	EndGlobalSection
EndGlobal
